
Microsoft Visual Studio Solution File, Format Version 12.00
# Visual Studio Version 16
VisualStudioVersion = 16.0.29324.140
MinimumVisualStudioVersion = 10.0.40219.1
Project("{FAE04EC0-301F-11D3-BF4B-00C04F79EFBC}") = "ScreenSnap", "ScreenSnap\ScreenSnap.csproj", "{07A7FB5A-E6C7-4ED4-9BC0-7BADF16E6845}"
EndProject
Project("{FAE04EC0-301F-11D3-BF4B-00C04F79EFBC}") = "ScreenSnapUI", "ScreenSnapUI\ScreenSnapUI.csproj", "{5D11FE8E-A4CA-4295-9F15-29CDE42FA893}"
EndProject
Project("{930C7802-8A8C-48F9-8165-68863BCCD9DD}") = "ScreenSnapSetup", "ScreenSnapSetup\ScreenSnapSetup.wixproj", "{5F88CEC3-1E37-415C-A06F-348156AFC918}"
EndProject
Global
	GlobalSection(SolutionConfigurationPlatforms) = preSolution
		Debug|Any CPU = Debug|Any CPU
		Debug|x86 = Debug|x86
		Release|Any CPU = Release|Any CPU
		Release|x86 = Release|x86
	EndGlobalSection
	GlobalSection(ProjectConfigurationPlatforms) = postSolution
		{07A7FB5A-E6C7-4ED4-9BC0-7BADF16E6845}.Debug|Any CPU.ActiveCfg = Debug|Any CPU
		{07A7FB5A-E6C7-4ED4-9BC0-7BADF16E6845}.Debug|Any CPU.Build.0 = Debug|Any CPU
		{07A7FB5A-E6C7-4ED4-9BC0-7BADF16E6845}.Debug|x86.ActiveCfg = Debug|Any CPU
		{07A7FB5A-E6C7-4ED4-9BC0-7BADF16E6845}.Debug|x86.Build.0 = Debug|Any CPU
		{07A7FB5A-E6C7-4ED4-9BC0-7BADF16E6845}.Release|Any CPU.ActiveCfg = Release|Any CPU
		{07A7FB5A-E6C7-4ED4-9BC0-7BADF16E6845}.Release|Any CPU.Build.0 = Release|Any CPU
		{07A7FB5A-E6C7-4ED4-9BC0-7BADF16E6845}.Release|x86.ActiveCfg = Release|Any CPU
		{07A7FB5A-E6C7-4ED4-9BC0-7BADF16E6845}.Release|x86.Build.0 = Release|Any CPU
		{5D11FE8E-A4CA-4295-9F15-29CDE42FA893}.Debug|Any CPU.ActiveCfg = Debug|Any CPU
		{5D11FE8E-A4CA-4295-9F15-29CDE42FA893}.Debug|Any CPU.Build.0 = Debug|Any CPU
		{5D11FE8E-A4CA-4295-9F15-29CDE42FA893}.Debug|x86.ActiveCfg = Debug|Any CPU
		{5D11FE8E-A4CA-4295-9F15-29CDE42FA893}.Debug|x86.Build.0 = Debug|Any CPU
		{5D11FE8E-A4CA-4295-9F15-29CDE42FA893}.Release|Any CPU.ActiveCfg = Release|Any CPU
		{5D11FE8E-A4CA-4295-9F15-29CDE42FA893}.Release|Any CPU.Build.0 = Release|Any CPU
		{5D11FE8E-A4CA-4295-9F15-29CDE42FA893}.Release|x86.ActiveCfg = Release|Any CPU
		{5D11FE8E-A4CA-4295-9F15-29CDE42FA893}.Release|x86.Build.0 = Release|Any CPU
		{5F88CEC3-1E37-415C-A06F-348156AFC918}.Debug|Any CPU.ActiveCfg = Debug|x86
		{5F88CEC3-1E37-415C-A06F-348156AFC918}.Debug|x86.ActiveCfg = Debug|x86
		{5F88CEC3-1E37-415C-A06F-348156AFC918}.Debug|x86.Build.0 = Debug|x86
		{5F88CEC3-1E37-415C-A06F-348156AFC918}.Release|Any CPU.ActiveCfg = Release|x86
		{5F88CEC3-1E37-415C-A06F-348156AFC918}.Release|x86.ActiveCfg = Release|x86
		{5F88CEC3-1E37-415C-A06F-348156AFC918}.Release|x86.Build.0 = Release|x86
	EndGlobalSection
	GlobalSection(SolutionProperties) = preSolution
		HideSolutionNode = FALSE
	EndGlobalSection
	GlobalSection(ExtensibilityGlobals) = postSolution
		SolutionGuid = {C56AF845-00DA-4194-B818-D1C925A5ACB1}
	EndGlobalSection
EndGlobal
